
Microsoft Visual Studio Solution File, Format Version 12.00
# Visual Studio Version 16
VisualStudioVersion = 16.0.31019.35
MinimumVisualStudioVersion = 10.0.40219.1
Project("{FAE04EC0-301F-11D3-BF4B-00C04F79EFBC}") = "GameApi", "GameApi\GameApi.csproj", "{25219EA7-563A-4BE3-A070-E138205B4B75}"
EndProject
Project("{2150E333-8FDC-42A3-9474-1A3956D46DE8}") = "Solution Items", "Solution Items", "{2AA07AF4-0211-4FDA-B4B0-BE873868C790}"
	ProjectSection(SolutionItems) = preProject
		README.md = README.md
	EndProjectSection
EndProject
Global
	GlobalSection(SolutionConfigurationPlatforms) = preSolution
		Debug|Any CPU = Debug|Any CPU
		Release|Any CPU = Release|Any CPU
	EndGlobalSection
	GlobalSection(ProjectConfigurationPlatforms) = postSolution
		{25219EA7-563A-4BE3-A070-E138205B4B75}.Debug|Any CPU.ActiveCfg = Debug|Any CPU
		{25219EA7-563A-4BE3-A070-E138205B4B75}.Debug|Any CPU.Build.0 = Debug|Any CPU
		{25219EA7-563A-4BE3-A070-E138205B4B75}.Release|Any CPU.ActiveCfg = Release|Any CPU
		{25219EA7-563A-4BE3-A070-E138205B4B75}.Release|Any CPU.Build.0 = Release|Any CPU
	EndGlobalSection
	GlobalSection(SolutionProperties) = preSolution
		HideSolutionNode = FALSE
	EndGlobalSection
	GlobalSection(ExtensibilityGlobals) = postSolution
		SolutionGuid = {6C864BC2-57C7-4BEB-B629-7EFB310BA9EA}
	EndGlobalSection
EndGlobal
